
Microsoft Visual Studio Solution File, Format Version 12.00
# Visual Studio Version 17
VisualStudioVersion = 17.5.33502.453
MinimumVisualStudioVersion = 10.0.40219.1
Project("{FAE04EC0-301F-11D3-BF4B-00C04F79EFBC}") = "CuongqShop.Common", "CuongqShop.Common\CuongqShop.Common.csproj", "{94188B44-F2FD-4586-9849-631BF613C122}"
EndProject
Project("{FAE04EC0-301F-11D3-BF4B-00C04F79EFBC}") = "CuongqShop.Data", "CuongqShop.Data\CuongqShop.Data.csproj", "{6EB3F3CD-EFC6-43E3-B5B3-291756CA4C1D}"
EndProject
Project("{FAE04EC0-301F-11D3-BF4B-00C04F79EFBC}") = "CuongqShop.Service", "CuongqShop.Service\CuongqShop.Service.csproj", "{D351FEC0-4FD1-4B7A-9174-29A1541861AD}"
EndProject
Project("{FAE04EC0-301F-11D3-BF4B-00C04F79EFBC}") = "CuongqShop.UnitTest", "CuongqShop.UnitTest\CuongqShop.UnitTest.csproj", "{10A6EC88-6205-4437-ABFD-197A879073FD}"
EndProject
Project("{FAE04EC0-301F-11D3-BF4B-00C04F79EFBC}") = "CuongqShop.Web", "CuongqShop.Web\CuongqShop.Web.csproj", "{7F04484B-D29C-4BB6-B068-66CDB63AFE64}"
EndProject
Project("{FAE04EC0-301F-11D3-BF4B-00C04F79EFBC}") = "CuongqShop.Model", "CuongqShop.Model\CuongqShop.Model.csproj", "{4B38D1FD-47C4-4684-B42F-FF6AE3C03C2E}"
EndProject
Global
	GlobalSection(SolutionConfigurationPlatforms) = preSolution
		Debug|Any CPU = Debug|Any CPU
		Release|Any CPU = Release|Any CPU
	EndGlobalSection
	GlobalSection(ProjectConfigurationPlatforms) = postSolution
		{94188B44-F2FD-4586-9849-631BF613C122}.Debug|Any CPU.ActiveCfg = Debug|Any CPU
		{94188B44-F2FD-4586-9849-631BF613C122}.Debug|Any CPU.Build.0 = Debug|Any CPU
		{94188B44-F2FD-4586-9849-631BF613C122}.Release|Any CPU.ActiveCfg = Release|Any CPU
		{94188B44-F2FD-4586-9849-631BF613C122}.Release|Any CPU.Build.0 = Release|Any CPU
		{6EB3F3CD-EFC6-43E3-B5B3-291756CA4C1D}.Debug|Any CPU.ActiveCfg = Debug|Any CPU
		{6EB3F3CD-EFC6-43E3-B5B3-291756CA4C1D}.Debug|Any CPU.Build.0 = Debug|Any CPU
		{6EB3F3CD-EFC6-43E3-B5B3-291756CA4C1D}.Release|Any CPU.ActiveCfg = Release|Any CPU
		{6EB3F3CD-EFC6-43E3-B5B3-291756CA4C1D}.Release|Any CPU.Build.0 = Release|Any CPU
		{D351FEC0-4FD1-4B7A-9174-29A1541861AD}.Debug|Any CPU.ActiveCfg = Debug|Any CPU
		{D351FEC0-4FD1-4B7A-9174-29A1541861AD}.Debug|Any CPU.Build.0 = Debug|Any CPU
		{D351FEC0-4FD1-4B7A-9174-29A1541861AD}.Release|Any CPU.ActiveCfg = Release|Any CPU
		{D351FEC0-4FD1-4B7A-9174-29A1541861AD}.Release|Any CPU.Build.0 = Release|Any CPU
		{10A6EC88-6205-4437-ABFD-197A879073FD}.Debug|Any CPU.ActiveCfg = Debug|Any CPU
		{10A6EC88-6205-4437-ABFD-197A879073FD}.Debug|Any CPU.Build.0 = Debug|Any CPU
		{10A6EC88-6205-4437-ABFD-197A879073FD}.Release|Any CPU.ActiveCfg = Release|Any CPU
		{10A6EC88-6205-4437-ABFD-197A879073FD}.Release|Any CPU.Build.0 = Release|Any CPU
		{7F04484B-D29C-4BB6-B068-66CDB63AFE64}.Debug|Any CPU.ActiveCfg = Debug|Any CPU
		{7F04484B-D29C-4BB6-B068-66CDB63AFE64}.Debug|Any CPU.Build.0 = Debug|Any CPU
		{7F04484B-D29C-4BB6-B068-66CDB63AFE64}.Release|Any CPU.ActiveCfg = Release|Any CPU
		{7F04484B-D29C-4BB6-B068-66CDB63AFE64}.Release|Any CPU.Build.0 = Release|Any CPU
		{4B38D1FD-47C4-4684-B42F-FF6AE3C03C2E}.Debug|Any CPU.ActiveCfg = Debug|Any CPU
		{4B38D1FD-47C4-4684-B42F-FF6AE3C03C2E}.Debug|Any CPU.Build.0 = Debug|Any CPU
		{4B38D1FD-47C4-4684-B42F-FF6AE3C03C2E}.Release|Any CPU.ActiveCfg = Release|Any CPU
		{4B38D1FD-47C4-4684-B42F-FF6AE3C03C2E}.Release|Any CPU.Build.0 = Release|Any CPU
	EndGlobalSection
	GlobalSection(SolutionProperties) = preSolution
		HideSolutionNode = FALSE
	EndGlobalSection
	GlobalSection(ExtensibilityGlobals) = postSolution
		SolutionGuid = {D0E2684D-9F4C-4374-8568-AEA5309E8A3F}
	EndGlobalSection
EndGlobal
